
Microsoft Visual Studio Solution File, Format Version 12.00
# Visual Studio Version 16
VisualStudioVersion = 16.0.29326.143
MinimumVisualStudioVersion = 10.0.40219.1
Project("{9A19103F-16F7-4668-BE54-9A1E7A4F7556}") = "Destiny-back", "Destiny-back\Destiny-back.csproj", "{556F0DB2-4A98-4F79-A726-26C00F33CE87}"
EndProject
Project("{9A19103F-16F7-4668-BE54-9A1E7A4F7556}") = "TestReq", "TestReq\TestReq.csproj", "{0065F316-392F-405D-8D10-435BE9E97D05}"
EndProject
Project("{E53339B2-1760-4266-BCC7-CA923CBCF16C}") = "docker-compose", "docker-compose.dcproj", "{87819B51-815A-4BE7-8A5E-ACA8C37214BD}"
EndProject
Global
	GlobalSection(SolutionConfigurationPlatforms) = preSolution
		Debug|Any CPU = Debug|Any CPU
		Release|Any CPU = Release|Any CPU
	EndGlobalSection
	GlobalSection(ProjectConfigurationPlatforms) = postSolution
		{556F0DB2-4A98-4F79-A726-26C00F33CE87}.Debug|Any CPU.ActiveCfg = Debug|Any CPU
		{556F0DB2-4A98-4F79-A726-26C00F33CE87}.Debug|Any CPU.Build.0 = Debug|Any CPU
		{556F0DB2-4A98-4F79-A726-26C00F33CE87}.Release|Any CPU.ActiveCfg = Release|Any CPU
		{556F0DB2-4A98-4F79-A726-26C00F33CE87}.Release|Any CPU.Build.0 = Release|Any CPU
		{0065F316-392F-405D-8D10-435BE9E97D05}.Debug|Any CPU.ActiveCfg = Debug|Any CPU
		{0065F316-392F-405D-8D10-435BE9E97D05}.Debug|Any CPU.Build.0 = Debug|Any CPU
		{0065F316-392F-405D-8D10-435BE9E97D05}.Release|Any CPU.ActiveCfg = Release|Any CPU
		{0065F316-392F-405D-8D10-435BE9E97D05}.Release|Any CPU.Build.0 = Release|Any CPU
		{87819B51-815A-4BE7-8A5E-ACA8C37214BD}.Debug|Any CPU.ActiveCfg = Debug|Any CPU
		{87819B51-815A-4BE7-8A5E-ACA8C37214BD}.Debug|Any CPU.Build.0 = Debug|Any CPU
		{87819B51-815A-4BE7-8A5E-ACA8C37214BD}.Release|Any CPU.ActiveCfg = Release|Any CPU
		{87819B51-815A-4BE7-8A5E-ACA8C37214BD}.Release|Any CPU.Build.0 = Release|Any CPU
	EndGlobalSection
	GlobalSection(SolutionProperties) = preSolution
		HideSolutionNode = FALSE
	EndGlobalSection
	GlobalSection(ExtensibilityGlobals) = postSolution
		SolutionGuid = {EA198643-8239-4C12-AB6C-441D8288B5C4}
	EndGlobalSection
EndGlobal
